// !$*UTF8*$!
{
	archiveVersion = 1;
	classes = {
	};
	objectVersion = 51;
	objects = {

/* Begin PBXBuildFile section */
		78DBCF831DD87AD834359E24 /* Pods_News.framework in Frameworks */ = {isa = PBXBuildFile; fileRef = 6C57B229B743AB6D305E4D80 /* Pods_News.framework */; };
		8555588922B8C01400A24DDD /* MyTabBar.swift in Sources */ = {isa = PBXBuildFile; fileRef = 8555588822B8C01400A24DDD /* MyTabBar.swift */; };
		85E445BA22953ADE00D2BCA2 /* AppDelegate.swift in Sources */ = {isa = PBXBuildFile; fileRef = 85E445B922953ADE00D2BCA2 /* AppDelegate.swift */; };
		85E445BF22953ADE00D2BCA2 /* Main.storyboard in Resources */ = {isa = PBXBuildFile; fileRef = 85E445BD22953ADE00D2BCA2 /* Main.storyboard */; };
		85E445C122953AE500D2BCA2 /* Assets.xcassets in Resources */ = {isa = PBXBuildFile; fileRef = 85E445C022953AE500D2BCA2 /* Assets.xcassets */; };
		85E445C422953AE500D2BCA2 /* LaunchScreen.storyboard in Resources */ = {isa = PBXBuildFile; fileRef = 85E445C222953AE500D2BCA2 /* LaunchScreen.storyboard */; };
		85E445CC2295417100D2BCA2 /* MainTabBarViewController.swift in Sources */ = {isa = PBXBuildFile; fileRef = 85E445CB2295417100D2BCA2 /* MainTabBarViewController.swift */; };
		85E445CE2295417F00D2BCA2 /* BaseViewController.swift in Sources */ = {isa = PBXBuildFile; fileRef = 85E445CD2295417F00D2BCA2 /* BaseViewController.swift */; };
		85E445D0229541A300D2BCA2 /* MainNavigationController.swift in Sources */ = {isa = PBXBuildFile; fileRef = 85E445CF229541A300D2BCA2 /* MainNavigationController.swift */; };
		85E445D22295429100D2BCA2 /* HomeViewController.swift in Sources */ = {isa = PBXBuildFile; fileRef = 85E445D12295429100D2BCA2 /* HomeViewController.swift */; };
		85E445D42295429F00D2BCA2 /* VideoViewController.swift in Sources */ = {isa = PBXBuildFile; fileRef = 85E445D32295429F00D2BCA2 /* VideoViewController.swift */; };
		85E445D6229542AE00D2BCA2 /* HuoShanViewController.swift in Sources */ = {isa = PBXBuildFile; fileRef = 85E445D5229542AE00D2BCA2 /* HuoShanViewController.swift */; };
		85E445D8229542B400D2BCA2 /* MineViewController.swift in Sources */ = {isa = PBXBuildFile; fileRef = 85E445D7229542B400D2BCA2 /* MineViewController.swift */; };
/* End PBXBuildFile section */

/* Begin PBXFileReference section */
		0114C10D0FC2DEB124A85320 /* Pods-News.debug.xcconfig */ = {isa = PBXFileReference; includeInIndex = 1; lastKnownFileType = text.xcconfig; name = "Pods-News.debug.xcconfig"; path = "Target Support Files/Pods-News/Pods-News.debug.xcconfig"; sourceTree = "<group>"; };
		6C57B229B743AB6D305E4D80 /* Pods_News.framework */ = {isa = PBXFileReference; explicitFileType = wrapper.framework; includeInIndex = 0; path = Pods_News.framework; sourceTree = BUILT_PRODUCTS_DIR; };
		7078BDA6112A5A435DD248F2 /* Pods-News.release.xcconfig */ = {isa = PBXFileReference; includeInIndex = 1; lastKnownFileType = text.xcconfig; name = "Pods-News.release.xcconfig"; path = "Target Support Files/Pods-News/Pods-News.release.xcconfig"; sourceTree = "<group>"; };
		8555588822B8C01400A24DDD /* MyTabBar.swift */ = {isa = PBXFileReference; lastKnownFileType = sourcecode.swift; path = MyTabBar.swift; sourceTree = "<group>"; };
		85E445B622953ADE00D2BCA2 /* News.app */ = {isa = PBXFileReference; explicitFileType = wrapper.application; includeInIndex = 0; path = News.app; sourceTree = BUILT_PRODUCTS_DIR; };
		85E445B922953ADE00D2BCA2 /* AppDelegate.swift */ = {isa = PBXFileReference; lastKnownFileType = sourcecode.swift; path = AppDelegate.swift; sourceTree = "<group>"; };
		85E445BE22953ADE00D2BCA2 /* Base */ = {isa = PBXFileReference; lastKnownFileType = file.storyboard; name = Base; path = Base.lproj/Main.storyboard; sourceTree = "<group>"; };
		85E445C022953AE500D2BCA2 /* Assets.xcassets */ = {isa = PBXFileReference; lastKnownFileType = folder.assetcatalog; path = Assets.xcassets; sourceTree = "<group>"; };
		85E445C322953AE500D2BCA2 /* Base */ = {isa = PBXFileReference; lastKnownFileType = file.storyboard; name = Base; path = Base.lproj/LaunchScreen.storyboard; sourceTree = "<group>"; };
		85E445C522953AE500D2BCA2 /* Info.plist */ = {isa = PBXFileReference; lastKnownFileType = text.plist.xml; path = Info.plist; sourceTree = "<group>"; };
		85E445CB2295417100D2BCA2 /* MainTabBarViewController.swift */ = {isa = PBXFileReference; lastKnownFileType = sourcecode.swift; path = MainTabBarViewController.swift; sourceTree = "<group>"; };
		85E445CD2295417F00D2BCA2 /* BaseViewController.swift */ = {isa = PBXFileReference; lastKnownFileType = sourcecode.swift; path = BaseViewController.swift; sourceTree = "<group>"; };
		85E445CF229541A300D2BCA2 /* MainNavigationController.swift */ = {isa = PBXFileReference; lastKnownFileType = sourcecode.swift; path = MainNavigationController.swift; sourceTree = "<group>"; };
		85E445D12295429100D2BCA2 /* HomeViewController.swift */ = {isa = PBXFileReference; lastKnownFileType = sourcecode.swift; path = HomeViewController.swift; sourceTree = "<group>"; };
		85E445D32295429F00D2BCA2 /* VideoViewController.swift */ = {isa = PBXFileReference; lastKnownFileType = sourcecode.swift; path = VideoViewController.swift; sourceTree = "<group>"; };
		85E445D5229542AE00D2BCA2 /* HuoShanViewController.swift */ = {isa = PBXFileReference; lastKnownFileType = sourcecode.swift; path = HuoShanViewController.swift; sourceTree = "<group>"; };
		85E445D7229542B400D2BCA2 /* MineViewController.swift */ = {isa = PBXFileReference; lastKnownFileType = sourcecode.swift; path = MineViewController.swift; sourceTree = "<group>"; };
/* End PBXFileReference section */

/* Begin PBXFrameworksBuildPhase section */
		85E445B322953ADE00D2BCA2 /* Frameworks */ = {
			isa = PBXFrameworksBuildPhase;
			buildActionMask = 2147483647;
			files = (
				78DBCF831DD87AD834359E24 /* Pods_News.framework in Frameworks */,
			);
			runOnlyForDeploymentPostprocessing = 0;
		};
/* End PBXFrameworksBuildPhase section */

/* Begin PBXGroup section */
		4C1D20201E445FC450DF0756 /* Frameworks */ = {
			isa = PBXGroup;
			children = (
				6C57B229B743AB6D305E4D80 /* Pods_News.framework */,
			);
			name = Frameworks;
			sourceTree = "<group>";
		};
		85A11644238BADE70042C815 /* Class */ = {
			isa = PBXGroup;
			children = (
				85A11659238BAEE50042C815 /* Mine */,
				85A1164F238BAE400042C815 /* AppDelegate */,
				85A1164E238BAE2F0042C815 /* Main */,
				85A11649238BADFA0042C815 /* Home */,
				85A11646238BADEB0042C815 /* HuoShan */,
				85A11645238BADE90042C815 /* Video */,
			);
			path = Class;
			sourceTree = "<group>";
		};
		85A11645238BADE90042C815 /* Video */ = {
			isa = PBXGroup;
			children = (
				85A11657238BAE8C0042C815 /* Controller */,
				85A11656238BAE8A0042C815 /* ViewModel */,
				85A11655238BAE890042C815 /* View */,
				85A11654238BAE880042C815 /* Model */,
			);
			path = Video;
			sourceTree = "<group>";
		};
		85A11646238BADEB0042C815 /* HuoShan */ = {
			isa = PBXGroup;
			children = (
				85A11653238BAE6B0042C815 /* Controller */,
				85A11652238BAE690042C815 /* ViewModel */,
				85A11651238BAE680042C815 /* View */,
				85A11650238BAE640042C815 /* Model */,
			);
			path = HuoShan;
			sourceTree = "<group>";
		};
		85A11649238BADFA0042C815 /* Home */ = {
			isa = PBXGroup;
			children = (
				85A1164D238BAE150042C815 /* ViewModel */,
				85A1164C238BAE140042C815 /* View */,
				85A1164B238BAE110042C815 /* Model */,
				85A1164A238BADFB0042C815 /* Controller */,
			);
			path = Home;
			sourceTree = "<group>";
		};
		85A1164A238BADFB0042C815 /* Controller */ = {
			isa = PBXGroup;
			children = (
				85E445D12295429100D2BCA2 /* HomeViewController.swift */,
			);
			path = Controller;
			sourceTree = "<group>";
		};
		85A1164B238BAE110042C815 /* Model */ = {
			isa = PBXGroup;
			children = (
			);
			path = Model;
			sourceTree = "<group>";
		};
		85A1164C238BAE140042C815 /* View */ = {
			isa = PBXGroup;
			children = (
			);
			path = View;
			sourceTree = "<group>";
		};
		85A1164D238BAE150042C815 /* ViewModel */ = {
			isa = PBXGroup;
			children = (
			);
			path = ViewModel;
			sourceTree = "<group>";
		};
		85A1164E238BAE2F0042C815 /* Main */ = {
			isa = PBXGroup;
			children = (
				85E445CB2295417100D2BCA2 /* MainTabBarViewController.swift */,
				8555588822B8C01400A24DDD /* MyTabBar.swift */,
				85E445CD2295417F00D2BCA2 /* BaseViewController.swift */,
				85E445CF229541A300D2BCA2 /* MainNavigationController.swift */,
			);
			path = Main;
			sourceTree = "<group>";
		};
		85A1164F238BAE400042C815 /* AppDelegate */ = {
			isa = PBXGroup;
			children = (
				85E445B922953ADE00D2BCA2 /* AppDelegate.swift */,
			);
			path = AppDelegate;
			sourceTree = "<group>";
		};
		85A11650238BAE640042C815 /* Model */ = {
			isa = PBXGroup;
			children = (
			);
			path = Model;
			sourceTree = "<group>";
		};
		85A11651238BAE680042C815 /* View */ = {
			isa = PBXGroup;
			children = (
			);
			path = View;
			sourceTree = "<group>";
		};
		85A11652238BAE690042C815 /* ViewModel */ = {
			isa = PBXGroup;
			children = (
			);
			path = ViewModel;
			sourceTree = "<group>";
		};
		85A11653238BAE6B0042C815 /* Controller */ = {
			isa = PBXGroup;
			children = (
				85E445D5229542AE00D2BCA2 /* HuoShanViewController.swift */,
			);
			path = Controller;
			sourceTree = "<group>";
		};
		85A11654238BAE880042C815 /* Model */ = {
			isa = PBXGroup;
			children = (
			);
			path = Model;
			sourceTree = "<group>";
		};
		85A11655238BAE890042C815 /* View */ = {
			isa = PBXGroup;
			children = (
			);
			path = View;
			sourceTree = "<group>";
		};
		85A11656238BAE8A0042C815 /* ViewModel */ = {
			isa = PBXGroup;
			children = (
			);
			path = ViewModel;
			sourceTree = "<group>";
		};
		85A11657238BAE8C0042C815 /* Controller */ = {
			isa = PBXGroup;
			children = (
				85E445D32295429F00D2BCA2 /* VideoViewController.swift */,
			);
			path = Controller;
			sourceTree = "<group>";
		};
		85A11659238BAEE50042C815 /* Mine */ = {
			isa = PBXGroup;
			children = (
				85A1165D238BAEF30042C815 /* Controller */,
				85A1165C238BAEF10042C815 /* Model */,
				85A1165B238BAEF00042C815 /* ViewModel */,
				85A1165A238BAEEF0042C815 /* View */,
			);
			path = Mine;
			sourceTree = "<group>";
		};
		85A1165A238BAEEF0042C815 /* View */ = {
			isa = PBXGroup;
			children = (
			);
			path = View;
			sourceTree = "<group>";
		};
		85A1165B238BAEF00042C815 /* ViewModel */ = {
			isa = PBXGroup;
			children = (
			);
			path = ViewModel;
			sourceTree = "<group>";
		};
		85A1165C238BAEF10042C815 /* Model */ = {
			isa = PBXGroup;
			children = (
			);
			path = Model;
			sourceTree = "<group>";
		};
		85A1165D238BAEF30042C815 /* Controller */ = {
			isa = PBXGroup;
			children = (
				85E445D7229542B400D2BCA2 /* MineViewController.swift */,
			);
			path = Controller;
			sourceTree = "<group>";
		};
		85E445AD22953ADE00D2BCA2 = {
			isa = PBXGroup;
			children = (
				85E445B822953ADE00D2BCA2 /* News */,
				85E445B722953ADE00D2BCA2 /* Products */,
				D064309EE17B090C730EFED4 /* Pods */,
				4C1D20201E445FC450DF0756 /* Frameworks */,
			);
			sourceTree = "<group>";
		};
		85E445B722953ADE00D2BCA2 /* Products */ = {
			isa = PBXGroup;
			children = (
				85E445B622953ADE00D2BCA2 /* News.app */,
			);
			name = Products;
			sourceTree = "<group>";
		};
		85E445B822953ADE00D2BCA2 /* News */ = {
			isa = PBXGroup;
			children = (
				85A11644238BADE70042C815 /* Class */,
				85E445BD22953ADE00D2BCA2 /* Main.storyboard */,
				85E445C022953AE500D2BCA2 /* Assets.xcassets */,
				85E445C222953AE500D2BCA2 /* LaunchScreen.storyboard */,
				85E445C522953AE500D2BCA2 /* Info.plist */,
			);
			path = News;
			sourceTree = "<group>";
		};
		D064309EE17B090C730EFED4 /* Pods */ = {
			isa = PBXGroup;
			children = (
				0114C10D0FC2DEB124A85320 /* Pods-News.debug.xcconfig */,
				7078BDA6112A5A435DD248F2 /* Pods-News.release.xcconfig */,
			);
			path = Pods;
			sourceTree = "<group>";
		};
/* End PBXGroup section */

/* Begin PBXNativeTarget section */
		85E445B522953ADE00D2BCA2 /* News */ = {
			isa = PBXNativeTarget;
			buildConfigurationList = 85E445C822953AE500D2BCA2 /* Build configuration list for PBXNativeTarget "News" */;
			buildPhases = (
				1A5422492A49CAFF78193D9F /* [CP] Check Pods Manifest.lock */,
				85E445B222953ADE00D2BCA2 /* Sources */,
				85E445B322953ADE00D2BCA2 /* Frameworks */,
				85E445B422953ADE00D2BCA2 /* Resources */,
				FBFEB6CACE161F13C2A0AD4B /* [CP] Embed Pods Frameworks */,
			);
			buildRules = (
			);
			dependencies = (
			);
			name = News;
			productName = News;
			productReference = 85E445B622953ADE00D2BCA2 /* News.app */;
			productType = "com.apple.product-type.application";
		};
/* End PBXNativeTarget section */

/* Begin PBXProject section */
		85E445AE22953ADE00D2BCA2 /* Project object */ = {
			isa = PBXProject;
			attributes = {
				LastSwiftUpdateCheck = 1010;
				LastUpgradeCheck = 1010;
				ORGANIZATIONNAME = "Henan XinKangqiao";
				TargetAttributes = {
					85E445B522953ADE00D2BCA2 = {
						CreatedOnToolsVersion = 10.1;
					};
				};
			};
			buildConfigurationList = 85E445B122953ADE00D2BCA2 /* Build configuration list for PBXProject "News" */;
			compatibilityVersion = "Xcode 9.3";
			developmentRegion = en;
			hasScannedForEncodings = 0;
			knownRegions = (
				en,
				Base,
			);
			mainGroup = 85E445AD22953ADE00D2BCA2;
			productRefGroup = 85E445B722953ADE00D2BCA2 /* Products */;
			projectDirPath = "";
			projectRoot = "";
			targets = (
				85E445B522953ADE00D2BCA2 /* News */,
			);
		};
/* End PBXProject section */

/* Begin PBXResourcesBuildPhase section */
		85E445B422953ADE00D2BCA2 /* Resources */ = {
			isa = PBXResourcesBuildPhase;
			buildActionMask = 2147483647;
			files = (
				85E445C422953AE500D2BCA2 /* LaunchScreen.storyboard in Resources */,
				85E445C122953AE500D2BCA2 /* Assets.xcassets in Resources */,
				85E445BF22953ADE00D2BCA2 /* Main.storyboard in Resources */,
			);
			runOnlyForDeploymentPostprocessing = 0;
		};
/* End PBXResourcesBuildPhase section */

/* Begin PBXShellScriptBuildPhase section */
		1A5422492A49CAFF78193D9F /* [CP] Check Pods Manifest.lock */ = {
			isa = PBXShellScriptBuildPhase;
			buildActionMask = 2147483647;
			files = (
			);
			inputFileListPaths = (
			);
			inputPaths = (
				"${PODS_PODFILE_DIR_PATH}/Podfile.lock",
				"${PODS_ROOT}/Manifest.lock",
			);
			name = "[CP] Check Pods Manifest.lock";
			outputFileListPaths = (
			);
			outputPaths = (
				"$(DERIVED_FILE_DIR)/Pods-News-checkManifestLockResult.txt",
			);
			runOnlyForDeploymentPostprocessing = 0;
			shellPath = /bin/sh;
			shellScript = "diff \"${PODS_PODFILE_DIR_PATH}/Podfile.lock\" \"${PODS_ROOT}/Manifest.lock\" > /dev/null\nif [ $? != 0 ] ; then\n    # print error to STDERR\n    echo \"error: The sandbox is not in sync with the Podfile.lock. Run 'pod install' or update your CocoaPods installation.\" >&2\n    exit 1\nfi\n# This output is used by Xcode 'outputs' to avoid re-running this script phase.\necho \"SUCCESS\" > \"${SCRIPT_OUTPUT_FILE_0}\"\n";
			showEnvVarsInLog = 0;
		};
		FBFEB6CACE161F13C2A0AD4B /* [CP] Embed Pods Frameworks */ = {
			isa = PBXShellScriptBuildPhase;
			buildActionMask = 2147483647;
			files = (
			);
			inputFileListPaths = (
				"${PODS_ROOT}/Target Support Files/Pods-News/Pods-News-frameworks-${CONFIGURATION}-input-files.xcfilelist",
			);
			name = "[CP] Embed Pods Frameworks";
			outputFileListPaths = (
				"${PODS_ROOT}/Target Support Files/Pods-News/Pods-News-frameworks-${CONFIGURATION}-output-files.xcfilelist",
			);
			runOnlyForDeploymentPostprocessing = 0;
			shellPath = /bin/sh;
			shellScript = "\"${PODS_ROOT}/Target Support Files/Pods-News/Pods-News-frameworks.sh\"\n";
			showEnvVarsInLog = 0;
		};
/* End PBXShellScriptBuildPhase section */

/* Begin PBXSourcesBuildPhase section */
		85E445B222953ADE00D2BCA2 /* Sources */ = {
			isa = PBXSourcesBuildPhase;
			buildActionMask = 2147483647;
			files = (
				85E445D0229541A300D2BCA2 /* MainNavigationController.swift in Sources */,
				85E445D42295429F00D2BCA2 /* VideoViewController.swift in Sources */,
				85E445D8229542B400D2BCA2 /* MineViewController.swift in Sources */,
				8555588922B8C01400A24DDD /* MyTabBar.swift in Sources */,
				85E445CC2295417100D2BCA2 /* MainTabBarViewController.swift in Sources */,
				85E445D6229542AE00D2BCA2 /* HuoShanViewController.swift in Sources */,
				85E445CE2295417F00D2BCA2 /* BaseViewController.swift in Sources */,
				85E445BA22953ADE00D2BCA2 /* AppDelegate.swift in Sources */,
				85E445D22295429100D2BCA2 /* HomeViewController.swift in Sources */,
			);
			runOnlyForDeploymentPostprocessing = 0;
		};
/* End PBXSourcesBuildPhase section */

/* Begin PBXVariantGroup section */
		85E445BD22953ADE00D2BCA2 /* Main.storyboard */ = {
			isa = PBXVariantGroup;
			children = (
				85E445BE22953ADE00D2BCA2 /* Base */,
			);
			name = Main.storyboard;
			sourceTree = "<group>";
		};
		85E445C222953AE500D2BCA2 /* LaunchScreen.storyboard */ = {
			isa = PBXVariantGroup;
			children = (
				85E445C322953AE500D2BCA2 /* Base */,
			);
			name = LaunchScreen.storyboard;
			sourceTree = "<group>";
		};
/* End PBXVariantGroup section */

/* Begin XCBuildConfiguration section */
		85E445C622953AE500D2BCA2 /* Debug */ = {
			isa = XCBuildConfiguration;
			buildSettings = {
				ALWAYS_SEARCH_USER_PATHS = NO;
				CLANG_ANALYZER_NONNULL = YES;
				CLANG_ANALYZER_NUMBER_OBJECT_CONVERSION = YES_AGGRESSIVE;
				CLANG_CXX_LANGUAGE_STANDARD = "gnu++14";
				CLANG_CXX_LIBRARY = "libc++";
				CLANG_ENABLE_MODULES = YES;
				CLANG_ENABLE_OBJC_ARC = YES;
				CLANG_ENABLE_OBJC_WEAK = YES;
				CLANG_WARN_BLOCK_CAPTURE_AUTORELEASING = YES;
				CLANG_WARN_BOOL_CONVERSION = YES;
				CLANG_WARN_COMMA = YES;
				CLANG_WARN_CONSTANT_CONVERSION = YES;
				CLANG_WARN_DEPRECATED_OBJC_IMPLEMENTATIONS = YES;
				CLANG_WARN_DIRECT_OBJC_ISA_USAGE = YES_ERROR;
				CLANG_WARN_DOCUMENTATION_COMMENTS = YES;
				CLANG_WARN_EMPTY_BODY = YES;
				CLANG_WARN_ENUM_CONVERSION = YES;
				CLANG_WARN_INFINITE_RECURSION = YES;
				CLANG_WARN_INT_CONVERSION = YES;
				CLANG_WARN_NON_LITERAL_NULL_CONVERSION = YES;
				CLANG_WARN_OBJC_IMPLICIT_RETAIN_SELF = YES;
				CLANG_WARN_OBJC_LITERAL_CONVERSION = YES;
				CLANG_WARN_OBJC_ROOT_CLASS = YES_ERROR;
				CLANG_WARN_RANGE_LOOP_ANALYSIS = YES;
				CLANG_WARN_STRICT_PROTOTYPES = YES;
				CLANG_WARN_SUSPICIOUS_MOVE = YES;
				CLANG_WARN_UNGUARDED_AVAILABILITY = YES_AGGRESSIVE;
				CLANG_WARN_UNREACHABLE_CODE = YES;
				CLANG_WARN__DUPLICATE_METHOD_MATCH = YES;
				CODE_SIGN_IDENTITY = "iPhone Developer";
				COPY_PHASE_STRIP = NO;
				DEBUG_INFORMATION_FORMAT = dwarf;
				ENABLE_STRICT_OBJC_MSGSEND = YES;
				ENABLE_TESTABILITY = YES;
				GCC_C_LANGUAGE_STANDARD = gnu11;
				GCC_DYNAMIC_NO_PIC = NO;
				GCC_NO_COMMON_BLOCKS = YES;
				GCC_OPTIMIZATION_LEVEL = 0;
				GCC_PREPROCESSOR_DEFINITIONS = (
					"DEBUG=1",
					"$(inherited)",
				);
				GCC_WARN_64_TO_32_BIT_CONVERSION = YES;
				GCC_WARN_ABOUT_RETURN_TYPE = YES_ERROR;
				GCC_WARN_UNDECLARED_SELECTOR = YES;
				GCC_WARN_UNINITIALIZED_AUTOS = YES_AGGRESSIVE;
				GCC_WARN_UNUSED_FUNCTION = YES;
				GCC_WARN_UNUSED_VARIABLE = YES;
				IPHONEOS_DEPLOYMENT_TARGET = 12.1;
				MTL_ENABLE_DEBUG_INFO = INCLUDE_SOURCE;
				MTL_FAST_MATH = YES;
				ONLY_ACTIVE_ARCH = YES;
				SDKROOT = iphoneos;
				SWIFT_ACTIVE_COMPILATION_CONDITIONS = DEBUG;
				SWIFT_OPTIMIZATION_LEVEL = "-Onone";
			};
			name = Debug;
		};
		85E445C722953AE500D2BCA2 /* Release */ = {
			isa = XCBuildConfiguration;
			buildSettings = {
				ALWAYS_SEARCH_USER_PATHS = NO;
				CLANG_ANALYZER_NONNULL = YES;
				CLANG_ANALYZER_NUMBER_OBJECT_CONVERSION = YES_AGGRESSIVE;
				CLANG_CXX_LANGUAGE_STANDARD = "gnu++14";
				CLANG_CXX_LIBRARY = "libc++";
				CLANG_ENABLE_MODULES = YES;
				CLANG_ENABLE_OBJC_ARC = YES;
				CLANG_ENABLE_OBJC_WEAK = YES;
				CLANG_WARN_BLOCK_CAPTURE_AUTORELEASING = YES;
				CLANG_WARN_BOOL_CONVERSION = YES;
				CLANG_WARN_COMMA = YES;
				CLANG_WARN_CONSTANT_CONVERSION = YES;
				CLANG_WARN_DEPRECATED_OBJC_IMPLEMENTATIONS = YES;
				CLANG_WARN_DIRECT_OBJC_ISA_USAGE = YES_ERROR;
				CLANG_WARN_DOCUMENTATION_COMMENTS = YES;
				CLANG_WARN_EMPTY_BODY = YES;
				CLANG_WARN_ENUM_CONVERSION = YES;
				CLANG_WARN_INFINITE_RECURSION = YES;
				CLANG_WARN_INT_CONVERSION = YES;
				CLANG_WARN_NON_LITERAL_NULL_CONVERSION = YES;
				CLANG_WARN_OBJC_IMPLICIT_RETAIN_SELF = YES;
				CLANG_WARN_OBJC_LITERAL_CONVERSION = YES;
				CLANG_WARN_OBJC_ROOT_CLASS = YES_ERROR;
				CLANG_WARN_RANGE_LOOP_ANALYSIS = YES;
				CLANG_WARN_STRICT_PROTOTYPES = YES;
				CLANG_WARN_SUSPICIOUS_MOVE = YES;
				CLANG_WARN_UNGUARDED_AVAILABILITY = YES_AGGRESSIVE;
				CLANG_WARN_UNREACHABLE_CODE = YES;
				CLANG_WARN__DUPLICATE_METHOD_MATCH = YES;
				CODE_SIGN_IDENTITY = "iPhone Developer";
				COPY_PHASE_STRIP = NO;
				DEBUG_INFORMATION_FORMAT = "dwarf-with-dsym";
				ENABLE_NS_ASSERTIONS = NO;
				ENABLE_STRICT_OBJC_MSGSEND = YES;
				GCC_C_LANGUAGE_STANDARD = gnu11;
				GCC_NO_COMMON_BLOCKS = YES;
				GCC_WARN_64_TO_32_BIT_CONVERSION = YES;
				GCC_WARN_ABOUT_RETURN_TYPE = YES_ERROR;
				GCC_WARN_UNDECLARED_SELECTOR = YES;
				GCC_WARN_UNINITIALIZED_AUTOS = YES_AGGRESSIVE;
				GCC_WARN_UNUSED_FUNCTION = YES;
				GCC_WARN_UNUSED_VARIABLE = YES;
				IPHONEOS_DEPLOYMENT_TARGET = 12.1;
				MTL_ENABLE_DEBUG_INFO = NO;
				MTL_FAST_MATH = YES;
				SDKROOT = iphoneos;
				SWIFT_COMPILATION_MODE = wholemodule;
				SWIFT_OPTIMIZATION_LEVEL = "-O";
				VALIDATE_PRODUCT = YES;
			};
			name = Release;
		};
		85E445C922953AE500D2BCA2 /* Debug */ = {
			isa = XCBuildConfiguration;
			baseConfigurationReference = 0114C10D0FC2DEB124A85320 /* Pods-News.debug.xcconfig */;
			buildSettings = {
				ASSETCATALOG_COMPILER_APPICON_NAME = AppIcon;
				CODE_SIGN_STYLE = Automatic;
				DEVELOPMENT_TEAM = 975BDH8M3G;
				INFOPLIST_FILE = News/Info.plist;
				IPHONEOS_DEPLOYMENT_TARGET = 11.1;
				LD_RUNPATH_SEARCH_PATHS = (
					"$(inherited)",
					"@executable_path/Frameworks",
				);
				PRODUCT_BUNDLE_IDENTIFIER = "Henan-XinKangqiao.News";
				PRODUCT_NAME = "$(TARGET_NAME)";
				SWIFT_VERSION = 4.2;
				TARGETED_DEVICE_FAMILY = "1,2";
			};
			name = Debug;
		};
		85E445CA22953AE500D2BCA2 /* Release */ = {
			isa = XCBuildConfiguration;
			baseConfigurationReference = 7078BDA6112A5A435DD248F2 /* Pods-News.release.xcconfig */;
			buildSettings = {
				ASSETCATALOG_COMPILER_APPICON_NAME = AppIcon;
				CODE_SIGN_STYLE = Automatic;
				DEVELOPMENT_TEAM = 975BDH8M3G;
				INFOPLIST_FILE = News/Info.plist;
				IPHONEOS_DEPLOYMENT_TARGET = 11.1;
				LD_RUNPATH_SEARCH_PATHS = (
					"$(inherited)",
					"@executable_path/Frameworks",
				);
				PRODUCT_BUNDLE_IDENTIFIER = "Henan-XinKangqiao.News";
				PRODUCT_NAME = "$(TARGET_NAME)";
				SWIFT_VERSION = 4.2;
				TARGETED_DEVICE_FAMILY = "1,2";
			};
			name = Release;
		};
/* End XCBuildConfiguration section */

/* Begin XCConfigurationList section */
		85E445B122953ADE00D2BCA2 /* Build configuration list for PBXProject "News" */ = {
			isa = XCConfigurationList;
			buildConfigurations = (
				85E445C622953AE500D2BCA2 /* Debug */,
				85E445C722953AE500D2BCA2 /* Release */,
			);
			defaultConfigurationIsVisible = 0;
			defaultConfigurationName = Release;
		};
		85E445C822953AE500D2BCA2 /* Build configuration list for PBXNativeTarget "News" */ = {
			isa = XCConfigurationList;
			buildConfigurations = (
				85E445C922953AE500D2BCA2 /* Debug */,
				85E445CA22953AE500D2BCA2 /* Release */,
			);
			defaultConfigurationIsVisible = 0;
			defaultConfigurationName = Release;
		};
/* End XCConfigurationList section */
	};
	rootObject = 85E445AE22953ADE00D2BCA2 /* Project object */;
}
